
Microsoft Visual Studio Solution File, Format Version 12.00
Project("{FAE04EC0-301F-11D3-BF4B-00C04F79EFBC}") = "PatioVeiculos.Infrastructure", "PatioVeiculos.Infrastructure\PatioVeiculos.Infrastructure.csproj", "{C059DFA3-D1F6-400D-9936-16811B5B640A}"
EndProject
Project("{FAE04EC0-301F-11D3-BF4B-00C04F79EFBC}") = "PatioVeiculos.Application", "PatioVeiculos.Application\PatioVeiculos.Application.csproj", "{BE4AA601-1A34-4DE0-88E2-8D6FE8E42424}"
EndProject
Project("{FAE04EC0-301F-11D3-BF4B-00C04F79EFBC}") = "PatioVeiculos.Presentation", "PatioVeiculos.Presentation\PatioVeiculos.Presentation.csproj", "{47E4ABB8-12BF-41BA-AEAC-4A6C81B8274B}"
EndProject
Project("{FAE04EC0-301F-11D3-BF4B-00C04F79EFBC}") = "PatioVeiculos.Domain", "PatioVeiculos.Domain\PatioVeiculos.Domain.csproj", "{A3A235AA-BD8E-48DA-AD5E-0457051B886A}"
EndProject
Global
	GlobalSection(SolutionConfigurationPlatforms) = preSolution
		Debug|Any CPU = Debug|Any CPU
		Release|Any CPU = Release|Any CPU
	EndGlobalSection
	GlobalSection(ProjectConfigurationPlatforms) = postSolution
		{C059DFA3-D1F6-400D-9936-16811B5B640A}.Debug|Any CPU.ActiveCfg = Debug|Any CPU
		{C059DFA3-D1F6-400D-9936-16811B5B640A}.Debug|Any CPU.Build.0 = Debug|Any CPU
		{C059DFA3-D1F6-400D-9936-16811B5B640A}.Release|Any CPU.ActiveCfg = Release|Any CPU
		{C059DFA3-D1F6-400D-9936-16811B5B640A}.Release|Any CPU.Build.0 = Release|Any CPU
		{BE4AA601-1A34-4DE0-88E2-8D6FE8E42424}.Debug|Any CPU.ActiveCfg = Debug|Any CPU
		{BE4AA601-1A34-4DE0-88E2-8D6FE8E42424}.Debug|Any CPU.Build.0 = Debug|Any CPU
		{BE4AA601-1A34-4DE0-88E2-8D6FE8E42424}.Release|Any CPU.ActiveCfg = Release|Any CPU
		{BE4AA601-1A34-4DE0-88E2-8D6FE8E42424}.Release|Any CPU.Build.0 = Release|Any CPU
		{47E4ABB8-12BF-41BA-AEAC-4A6C81B8274B}.Debug|Any CPU.ActiveCfg = Debug|Any CPU
		{47E4ABB8-12BF-41BA-AEAC-4A6C81B8274B}.Debug|Any CPU.Build.0 = Debug|Any CPU
		{47E4ABB8-12BF-41BA-AEAC-4A6C81B8274B}.Release|Any CPU.ActiveCfg = Release|Any CPU
		{47E4ABB8-12BF-41BA-AEAC-4A6C81B8274B}.Release|Any CPU.Build.0 = Release|Any CPU
		{A3A235AA-BD8E-48DA-AD5E-0457051B886A}.Debug|Any CPU.ActiveCfg = Debug|Any CPU
		{A3A235AA-BD8E-48DA-AD5E-0457051B886A}.Debug|Any CPU.Build.0 = Debug|Any CPU
		{A3A235AA-BD8E-48DA-AD5E-0457051B886A}.Release|Any CPU.ActiveCfg = Release|Any CPU
		{A3A235AA-BD8E-48DA-AD5E-0457051B886A}.Release|Any CPU.Build.0 = Release|Any CPU
	EndGlobalSection
EndGlobal
